<?xml version="1.0" encoding="UTF-8"?>
<Project ToolsVersion="14.0" xmlns="http://schemas.microsoft.com/developer/msbuild/2003">
  <ItemGroup>
    <ClCompile Include="C:\HDR\hdr-plus\src\HDRPlus.cpp">
      <Filter>Source Files</Filter>
    </ClCompile>
    <ClCompile Include="C:\HDR\hdr-plus\src\align.cpp">
      <Filter>Source Files</Filter>
    </ClCompile>
    <ClCompile Include="C:\HDR\hdr-plus\src\finish.cpp">
      <Filter>Source Files</Filter>
    </ClCompile>
    <ClCompile Include="C:\HDR\hdr-plus\src\merge.cpp">
      <Filter>Source Files</Filter>
    </ClCompile>
    <ClCompile Include="C:\HDR\hdr-plus\src\util.cpp">
      <Filter>Source Files</Filter>
    </ClCompile>
  </ItemGroup>
  <ItemGroup>
    <CustomBuild Include="C:\HDR\hdr-plus\CMakeLists.txt" />
  </ItemGroup>
  <ItemGroup>
    <Filter Include="Source Files">
      <UniqueIdentifier>{372040FD-7C88-34FA-AEC9-BC496A994968}</UniqueIdentifier>
    </Filter>
  </ItemGroup>
</Project>
